// !$*UTF8*$!
{
	archiveVersion = 1;
	classes = {
	};
	objectVersion = 51;
	objects = {

/* Begin PBXBuildFile section */
		2C4BAC4E230E3F3F0048CC53 /* AppDelegate.swift in Sources */ = {isa = PBXBuildFile; fileRef = 2C4BAC4D230E3F3F0048CC53 /* AppDelegate.swift */; };
		2C4BAC50230E3F3F0048CC53 /* ViewController.swift in Sources */ = {isa = PBXBuildFile; fileRef = 2C4BAC4F230E3F3F0048CC53 /* ViewController.swift */; };
		2C4BAC53230E3F3F0048CC53 /* Main.storyboard in Resources */ = {isa = PBXBuildFile; fileRef = 2C4BAC51230E3F3F0048CC53 /* Main.storyboard */; };
		2C4BAC55230E3F3F0048CC53 /* Assets.xcassets in Resources */ = {isa = PBXBuildFile; fileRef = 2C4BAC54230E3F3F0048CC53 /* Assets.xcassets */; };
		2C4BAC58230E3F3F0048CC53 /* LaunchScreen.storyboard in Resources */ = {isa = PBXBuildFile; fileRef = 2C4BAC56230E3F3F0048CC53 /* LaunchScreen.storyboard */; };
		2C4BAC63230E3F3F0048CC53 /* XMReSwiftRouterTests.swift in Sources */ = {isa = PBXBuildFile; fileRef = 2C4BAC62230E3F3F0048CC53 /* XMReSwiftRouterTests.swift */; };
		2C4BAC6E230E3F3F0048CC53 /* XMReSwiftRouterUITests.swift in Sources */ = {isa = PBXBuildFile; fileRef = 2C4BAC6D230E3F3F0048CC53 /* XMReSwiftRouterUITests.swift */; };
		2C4BAC7F230E3FAA0048CC53 /* AppState.swift in Sources */ = {isa = PBXBuildFile; fileRef = 2C4BAC7B230E3FAA0048CC53 /* AppState.swift */; };
		2C4BAC80230E3FAA0048CC53 /* AppRoutable.swift in Sources */ = {isa = PBXBuildFile; fileRef = 2C4BAC7C230E3FAA0048CC53 /* AppRoutable.swift */; };
		2C4BAC81230E3FAA0048CC53 /* AppRouter.swift in Sources */ = {isa = PBXBuildFile; fileRef = 2C4BAC7D230E3FAA0048CC53 /* AppRouter.swift */; };
		2C4BAC82230E3FAA0048CC53 /* AppReducer.swift in Sources */ = {isa = PBXBuildFile; fileRef = 2C4BAC7E230E3FAA0048CC53 /* AppReducer.swift */; };
		2C4BAC87230E3FDF0048CC53 /* CollectionViewDataSource.swift in Sources */ = {isa = PBXBuildFile; fileRef = 2C4BAC85230E3FDF0048CC53 /* CollectionViewDataSource.swift */; };
		2C4BAC88230E3FDF0048CC53 /* TableViewDataSource.swift in Sources */ = {isa = PBXBuildFile; fileRef = 2C4BAC86230E3FDF0048CC53 /* TableViewDataSource.swift */; };
		2C4BACA1230E3FF10048CC53 /* MessageVC.swift in Sources */ = {isa = PBXBuildFile; fileRef = 2C4BAC8B230E3FF00048CC53 /* MessageVC.swift */; };
		2C4BACA3230E3FF10048CC53 /* MessageModel.swift in Sources */ = {isa = PBXBuildFile; fileRef = 2C4BAC8E230E3FF00048CC53 /* MessageModel.swift */; };
		2C4BACA4230E3FF10048CC53 /* MessageCell.swift in Sources */ = {isa = PBXBuildFile; fileRef = 2C4BAC90230E3FF00048CC53 /* MessageCell.swift */; };
		2C4BACA5230E3FF10048CC53 /* MessageState.swift in Sources */ = {isa = PBXBuildFile; fileRef = 2C4BAC92230E3FF00048CC53 /* MessageState.swift */; };
		2C4BACA6230E3FF10048CC53 /* MessageAction.swift in Sources */ = {isa = PBXBuildFile; fileRef = 2C4BAC93230E3FF00048CC53 /* MessageAction.swift */; };
		2C4BACA7230E3FF10048CC53 /* MessageStore.swift in Sources */ = {isa = PBXBuildFile; fileRef = 2C4BAC94230E3FF00048CC53 /* MessageStore.swift */; };
		2C4BACA8230E3FF10048CC53 /* MessageReducer.swift in Sources */ = {isa = PBXBuildFile; fileRef = 2C4BAC95230E3FF00048CC53 /* MessageReducer.swift */; };
		2C4BACAA230E3FF10048CC53 /* HomeState.swift in Sources */ = {isa = PBXBuildFile; fileRef = 2C4BAC98230E3FF00048CC53 /* HomeState.swift */; };
		2C4BACAB230E3FF10048CC53 /* HomeVC.swift in Sources */ = {isa = PBXBuildFile; fileRef = 2C4BAC99230E3FF00048CC53 /* HomeVC.swift */; };
		2C4BACAC230E3FF10048CC53 /* HomeReducer.swift in Sources */ = {isa = PBXBuildFile; fileRef = 2C4BAC9A230E3FF00048CC53 /* HomeReducer.swift */; };
		2C4BACAD230E3FF10048CC53 /* MyReducer.swift in Sources */ = {isa = PBXBuildFile; fileRef = 2C4BAC9C230E3FF10048CC53 /* MyReducer.swift */; };
		2C4BACAE230E3FF10048CC53 /* MyVC.swift in Sources */ = {isa = PBXBuildFile; fileRef = 2C4BAC9D230E3FF10048CC53 /* MyVC.swift */; };
		2C4BACAF230E3FF10048CC53 /* MyStore.swift in Sources */ = {isa = PBXBuildFile; fileRef = 2C4BAC9E230E3FF10048CC53 /* MyStore.swift */; };
		2C4BACB0230E3FF10048CC53 /* MyState.swift in Sources */ = {isa = PBXBuildFile; fileRef = 2C4BAC9F230E3FF10048CC53 /* MyState.swift */; };
		2C4BACB1230E3FF10048CC53 /* MyActions.swift in Sources */ = {isa = PBXBuildFile; fileRef = 2C4BACA0230E3FF10048CC53 /* MyActions.swift */; };
		2C4BACB3230E404C0048CC53 /* HomeStore.swift in Sources */ = {isa = PBXBuildFile; fileRef = 2C4BACB2230E404C0048CC53 /* HomeStore.swift */; };
		2C4BACB5230E40580048CC53 /* HomeAction.swift in Sources */ = {isa = PBXBuildFile; fileRef = 2C4BACB4230E40580048CC53 /* HomeAction.swift */; };
		F9D3566288E77CB59E0AA775 /* Pods_XMReSwiftRouter.framework in Frameworks */ = {isa = PBXBuildFile; fileRef = 1F5958F0CED4A942444B70DA /* Pods_XMReSwiftRouter.framework */; };
/* End PBXBuildFile section */

/* Begin PBXContainerItemProxy section */
		2C4BAC5F230E3F3F0048CC53 /* PBXContainerItemProxy */ = {
			isa = PBXContainerItemProxy;
			containerPortal = 2C4BAC42230E3F3F0048CC53 /* Project object */;
			proxyType = 1;
			remoteGlobalIDString = 2C4BAC49230E3F3F0048CC53;
			remoteInfo = XMReSwiftRouter;
		};
		2C4BAC6A230E3F3F0048CC53 /* PBXContainerItemProxy */ = {
			isa = PBXContainerItemProxy;
			containerPortal = 2C4BAC42230E3F3F0048CC53 /* Project object */;
			proxyType = 1;
			remoteGlobalIDString = 2C4BAC49230E3F3F0048CC53;
			remoteInfo = XMReSwiftRouter;
		};
/* End PBXContainerItemProxy section */

/* Begin PBXFileReference section */
		089D5FCA08A717B2BD637F02 /* Pods-XMReSwiftRouter.release.xcconfig */ = {isa = PBXFileReference; includeInIndex = 1; lastKnownFileType = text.xcconfig; name = "Pods-XMReSwiftRouter.release.xcconfig"; path = "Target Support Files/Pods-XMReSwiftRouter/Pods-XMReSwiftRouter.release.xcconfig"; sourceTree = "<group>"; };
		1F5958F0CED4A942444B70DA /* Pods_XMReSwiftRouter.framework */ = {isa = PBXFileReference; explicitFileType = wrapper.framework; includeInIndex = 0; path = Pods_XMReSwiftRouter.framework; sourceTree = BUILT_PRODUCTS_DIR; };
		2C4BAC4A230E3F3F0048CC53 /* XMReSwiftRouter.app */ = {isa = PBXFileReference; explicitFileType = wrapper.application; includeInIndex = 0; path = XMReSwiftRouter.app; sourceTree = BUILT_PRODUCTS_DIR; };
		2C4BAC4D230E3F3F0048CC53 /* AppDelegate.swift */ = {isa = PBXFileReference; lastKnownFileType = sourcecode.swift; path = AppDelegate.swift; sourceTree = "<group>"; };
		2C4BAC4F230E3F3F0048CC53 /* ViewController.swift */ = {isa = PBXFileReference; lastKnownFileType = sourcecode.swift; path = ViewController.swift; sourceTree = "<group>"; };
		2C4BAC52230E3F3F0048CC53 /* Base */ = {isa = PBXFileReference; lastKnownFileType = file.storyboard; name = Base; path = Base.lproj/Main.storyboard; sourceTree = "<group>"; };
		2C4BAC54230E3F3F0048CC53 /* Assets.xcassets */ = {isa = PBXFileReference; lastKnownFileType = folder.assetcatalog; path = Assets.xcassets; sourceTree = "<group>"; };
		2C4BAC57230E3F3F0048CC53 /* Base */ = {isa = PBXFileReference; lastKnownFileType = file.storyboard; name = Base; path = Base.lproj/LaunchScreen.storyboard; sourceTree = "<group>"; };
		2C4BAC59230E3F3F0048CC53 /* Info.plist */ = {isa = PBXFileReference; lastKnownFileType = text.plist.xml; path = Info.plist; sourceTree = "<group>"; };
		2C4BAC5E230E3F3F0048CC53 /* XMReSwiftRouterTests.xctest */ = {isa = PBXFileReference; explicitFileType = wrapper.cfbundle; includeInIndex = 0; path = XMReSwiftRouterTests.xctest; sourceTree = BUILT_PRODUCTS_DIR; };
		2C4BAC62230E3F3F0048CC53 /* XMReSwiftRouterTests.swift */ = {isa = PBXFileReference; lastKnownFileType = sourcecode.swift; path = XMReSwiftRouterTests.swift; sourceTree = "<group>"; };
		2C4BAC64230E3F3F0048CC53 /* Info.plist */ = {isa = PBXFileReference; lastKnownFileType = text.plist.xml; path = Info.plist; sourceTree = "<group>"; };
		2C4BAC69230E3F3F0048CC53 /* XMReSwiftRouterUITests.xctest */ = {isa = PBXFileReference; explicitFileType = wrapper.cfbundle; includeInIndex = 0; path = XMReSwiftRouterUITests.xctest; sourceTree = BUILT_PRODUCTS_DIR; };
		2C4BAC6D230E3F3F0048CC53 /* XMReSwiftRouterUITests.swift */ = {isa = PBXFileReference; lastKnownFileType = sourcecode.swift; path = XMReSwiftRouterUITests.swift; sourceTree = "<group>"; };
		2C4BAC6F230E3F3F0048CC53 /* Info.plist */ = {isa = PBXFileReference; lastKnownFileType = text.plist.xml; path = Info.plist; sourceTree = "<group>"; };
		2C4BAC7B230E3FAA0048CC53 /* AppState.swift */ = {isa = PBXFileReference; fileEncoding = 4; lastKnownFileType = sourcecode.swift; path = AppState.swift; sourceTree = "<group>"; };
		2C4BAC7C230E3FAA0048CC53 /* AppRoutable.swift */ = {isa = PBXFileReference; fileEncoding = 4; lastKnownFileType = sourcecode.swift; path = AppRoutable.swift; sourceTree = "<group>"; };
		2C4BAC7D230E3FAA0048CC53 /* AppRouter.swift */ = {isa = PBXFileReference; fileEncoding = 4; lastKnownFileType = sourcecode.swift; path = AppRouter.swift; sourceTree = "<group>"; };
		2C4BAC7E230E3FAA0048CC53 /* AppReducer.swift */ = {isa = PBXFileReference; fileEncoding = 4; lastKnownFileType = sourcecode.swift; path = AppReducer.swift; sourceTree = "<group>"; };
		2C4BAC85230E3FDF0048CC53 /* CollectionViewDataSource.swift */ = {isa = PBXFileReference; fileEncoding = 4; lastKnownFileType = sourcecode.swift; path = CollectionViewDataSource.swift; sourceTree = "<group>"; };
		2C4BAC86230E3FDF0048CC53 /* TableViewDataSource.swift */ = {isa = PBXFileReference; fileEncoding = 4; lastKnownFileType = sourcecode.swift; path = TableViewDataSource.swift; sourceTree = "<group>"; };
		2C4BAC8B230E3FF00048CC53 /* MessageVC.swift */ = {isa = PBXFileReference; fileEncoding = 4; lastKnownFileType = sourcecode.swift; path = MessageVC.swift; sourceTree = "<group>"; };
		2C4BAC8E230E3FF00048CC53 /* MessageModel.swift */ = {isa = PBXFileReference; fileEncoding = 4; lastKnownFileType = sourcecode.swift; path = MessageModel.swift; sourceTree = "<group>"; };
		2C4BAC90230E3FF00048CC53 /* MessageCell.swift */ = {isa = PBXFileReference; fileEncoding = 4; lastKnownFileType = sourcecode.swift; path = MessageCell.swift; sourceTree = "<group>"; };
		2C4BAC92230E3FF00048CC53 /* MessageState.swift */ = {isa = PBXFileReference; fileEncoding = 4; lastKnownFileType = sourcecode.swift; path = MessageState.swift; sourceTree = "<group>"; };
		2C4BAC93230E3FF00048CC53 /* MessageAction.swift */ = {isa = PBXFileReference; fileEncoding = 4; lastKnownFileType = sourcecode.swift; path = MessageAction.swift; sourceTree = "<group>"; };
		2C4BAC94230E3FF00048CC53 /* MessageStore.swift */ = {isa = PBXFileReference; fileEncoding = 4; lastKnownFileType = sourcecode.swift; path = MessageStore.swift; sourceTree = "<group>"; };
		2C4BAC95230E3FF00048CC53 /* MessageReducer.swift */ = {isa = PBXFileReference; fileEncoding = 4; lastKnownFileType = sourcecode.swift; path = MessageReducer.swift; sourceTree = "<group>"; };
		2C4BAC98230E3FF00048CC53 /* HomeState.swift */ = {isa = PBXFileReference; fileEncoding = 4; lastKnownFileType = sourcecode.swift; path = HomeState.swift; sourceTree = "<group>"; };
		2C4BAC99230E3FF00048CC53 /* HomeVC.swift */ = {isa = PBXFileReference; fileEncoding = 4; lastKnownFileType = sourcecode.swift; path = HomeVC.swift; sourceTree = "<group>"; };
		2C4BAC9A230E3FF00048CC53 /* HomeReducer.swift */ = {isa = PBXFileReference; fileEncoding = 4; lastKnownFileType = sourcecode.swift; path = HomeReducer.swift; sourceTree = "<group>"; };
		2C4BAC9C230E3FF10048CC53 /* MyReducer.swift */ = {isa = PBXFileReference; fileEncoding = 4; lastKnownFileType = sourcecode.swift; path = MyReducer.swift; sourceTree = "<group>"; };
		2C4BAC9D230E3FF10048CC53 /* MyVC.swift */ = {isa = PBXFileReference; fileEncoding = 4; lastKnownFileType = sourcecode.swift; path = MyVC.swift; sourceTree = "<group>"; };
		2C4BAC9E230E3FF10048CC53 /* MyStore.swift */ = {isa = PBXFileReference; fileEncoding = 4; lastKnownFileType = sourcecode.swift; path = MyStore.swift; sourceTree = "<group>"; };
		2C4BAC9F230E3FF10048CC53 /* MyState.swift */ = {isa = PBXFileReference; fileEncoding = 4; lastKnownFileType = sourcecode.swift; path = MyState.swift; sourceTree = "<group>"; };
		2C4BACA0230E3FF10048CC53 /* MyActions.swift */ = {isa = PBXFileReference; fileEncoding = 4; lastKnownFileType = sourcecode.swift; path = MyActions.swift; sourceTree = "<group>"; };
		2C4BACB2230E404C0048CC53 /* HomeStore.swift */ = {isa = PBXFileReference; lastKnownFileType = sourcecode.swift; path = HomeStore.swift; sourceTree = "<group>"; };
		2C4BACB4230E40580048CC53 /* HomeAction.swift */ = {isa = PBXFileReference; lastKnownFileType = sourcecode.swift; path = HomeAction.swift; sourceTree = "<group>"; };
		5479F7BC53FFA532DEFBAF77 /* Pods-XMReSwiftRouter.debug.xcconfig */ = {isa = PBXFileReference; includeInIndex = 1; lastKnownFileType = text.xcconfig; name = "Pods-XMReSwiftRouter.debug.xcconfig"; path = "Target Support Files/Pods-XMReSwiftRouter/Pods-XMReSwiftRouter.debug.xcconfig"; sourceTree = "<group>"; };
/* End PBXFileReference section */

/* Begin PBXFrameworksBuildPhase section */
		2C4BAC47230E3F3F0048CC53 /* Frameworks */ = {
			isa = PBXFrameworksBuildPhase;
			buildActionMask = 2147483647;
			files = (
				F9D3566288E77CB59E0AA775 /* Pods_XMReSwiftRouter.framework in Frameworks */,
			);
			runOnlyForDeploymentPostprocessing = 0;
		};
		2C4BAC5B230E3F3F0048CC53 /* Frameworks */ = {
			isa = PBXFrameworksBuildPhase;
			buildActionMask = 2147483647;
			files = (
			);
			runOnlyForDeploymentPostprocessing = 0;
		};
		2C4BAC66230E3F3F0048CC53 /* Frameworks */ = {
			isa = PBXFrameworksBuildPhase;
			buildActionMask = 2147483647;
			files = (
			);
			runOnlyForDeploymentPostprocessing = 0;
		};
/* End PBXFrameworksBuildPhase section */

/* Begin PBXGroup section */
		2C4BAC41230E3F3F0048CC53 = {
			isa = PBXGroup;
			children = (
				2C4BAC4C230E3F3F0048CC53 /* XMReSwiftRouter */,
				2C4BAC61230E3F3F0048CC53 /* XMReSwiftRouterTests */,
				2C4BAC6C230E3F3F0048CC53 /* XMReSwiftRouterUITests */,
				2C4BAC4B230E3F3F0048CC53 /* Products */,
				DED370A69693F3995A671F87 /* Pods */,
				89C4A9083C718575C62A4B5F /* Frameworks */,
			);
			sourceTree = "<group>";
		};
		2C4BAC4B230E3F3F0048CC53 /* Products */ = {
			isa = PBXGroup;
			children = (
				2C4BAC4A230E3F3F0048CC53 /* XMReSwiftRouter.app */,
				2C4BAC5E230E3F3F0048CC53 /* XMReSwiftRouterTests.xctest */,
				2C4BAC69230E3F3F0048CC53 /* XMReSwiftRouterUITests.xctest */,
			);
			name = Products;
			sourceTree = "<group>";
		};
		2C4BAC4C230E3F3F0048CC53 /* XMReSwiftRouter */ = {
			isa = PBXGroup;
			children = (
				2C4BAC89230E3FF00048CC53 /* Message */,
				2C4BAC97230E3FF00048CC53 /* Home */,
				2C4BAC9B230E3FF10048CC53 /* My */,
				2C4BAC84230E3FDF0048CC53 /* Datasource */,
				2C4BAC83230E3FAD0048CC53 /* Router */,
				2C4BAC4D230E3F3F0048CC53 /* AppDelegate.swift */,
				2C4BAC4F230E3F3F0048CC53 /* ViewController.swift */,
				2C4BAC51230E3F3F0048CC53 /* Main.storyboard */,
				2C4BAC54230E3F3F0048CC53 /* Assets.xcassets */,
				2C4BAC56230E3F3F0048CC53 /* LaunchScreen.storyboard */,
				2C4BAC59230E3F3F0048CC53 /* Info.plist */,
			);
			path = XMReSwiftRouter;
			sourceTree = "<group>";
		};
		2C4BAC61230E3F3F0048CC53 /* XMReSwiftRouterTests */ = {
			isa = PBXGroup;
			children = (
				2C4BAC62230E3F3F0048CC53 /* XMReSwiftRouterTests.swift */,
				2C4BAC64230E3F3F0048CC53 /* Info.plist */,
			);
			path = XMReSwiftRouterTests;
			sourceTree = "<group>";
		};
		2C4BAC6C230E3F3F0048CC53 /* XMReSwiftRouterUITests */ = {
			isa = PBXGroup;
			children = (
				2C4BAC6D230E3F3F0048CC53 /* XMReSwiftRouterUITests.swift */,
				2C4BAC6F230E3F3F0048CC53 /* Info.plist */,
			);
			path = XMReSwiftRouterUITests;
			sourceTree = "<group>";
		};
		2C4BAC83230E3FAD0048CC53 /* Router */ = {
			isa = PBXGroup;
			children = (
				2C4BAC7E230E3FAA0048CC53 /* AppReducer.swift */,
				2C4BAC7C230E3FAA0048CC53 /* AppRoutable.swift */,
				2C4BAC7D230E3FAA0048CC53 /* AppRouter.swift */,
				2C4BAC7B230E3FAA0048CC53 /* AppState.swift */,
			);
			path = Router;
			sourceTree = "<group>";
		};
		2C4BAC84230E3FDF0048CC53 /* Datasource */ = {
			isa = PBXGroup;
			children = (
				2C4BAC85230E3FDF0048CC53 /* CollectionViewDataSource.swift */,
				2C4BAC86230E3FDF0048CC53 /* TableViewDataSource.swift */,
			);
			path = Datasource;
			sourceTree = "<group>";
		};
		2C4BAC89230E3FF00048CC53 /* Message */ = {
			isa = PBXGroup;
			children = (
				2C4BAC8A230E3FF00048CC53 /* VC */,
				2C4BAC8D230E3FF00048CC53 /* Model */,
				2C4BAC8F230E3FF00048CC53 /* View */,
				2C4BAC91230E3FF00048CC53 /* Redux */,
			);
			path = Message;
			sourceTree = "<group>";
		};
		2C4BAC8A230E3FF00048CC53 /* VC */ = {
			isa = PBXGroup;
			children = (
				2C4BAC8B230E3FF00048CC53 /* MessageVC.swift */,
			);
			path = VC;
			sourceTree = "<group>";
		};
		2C4BAC8D230E3FF00048CC53 /* Model */ = {
			isa = PBXGroup;
			children = (
				2C4BAC8E230E3FF00048CC53 /* MessageModel.swift */,
			);
			path = Model;
			sourceTree = "<group>";
		};
		2C4BAC8F230E3FF00048CC53 /* View */ = {
			isa = PBXGroup;
			children = (
				2C4BAC90230E3FF00048CC53 /* MessageCell.swift */,
			);
			path = View;
			sourceTree = "<group>";
		};
		2C4BAC91230E3FF00048CC53 /* Redux */ = {
			isa = PBXGroup;
			children = (
				2C4BAC92230E3FF00048CC53 /* MessageState.swift */,
				2C4BAC93230E3FF00048CC53 /* MessageAction.swift */,
				2C4BAC94230E3FF00048CC53 /* MessageStore.swift */,
				2C4BAC95230E3FF00048CC53 /* MessageReducer.swift */,
			);
			path = Redux;
			sourceTree = "<group>";
		};
		2C4BAC97230E3FF00048CC53 /* Home */ = {
			isa = PBXGroup;
			children = (
				2C4BAC99230E3FF00048CC53 /* HomeVC.swift */,
				2C4BAC98230E3FF00048CC53 /* HomeState.swift */,
				2C4BACB2230E404C0048CC53 /* HomeStore.swift */,
				2C4BAC9A230E3FF00048CC53 /* HomeReducer.swift */,
				2C4BACB4230E40580048CC53 /* HomeAction.swift */,
			);
			path = Home;
			sourceTree = "<group>";
		};
		2C4BAC9B230E3FF10048CC53 /* My */ = {
			isa = PBXGroup;
			children = (
				2C4BAC9D230E3FF10048CC53 /* MyVC.swift */,
				2C4BAC9C230E3FF10048CC53 /* MyReducer.swift */,
				2C4BAC9E230E3FF10048CC53 /* MyStore.swift */,
				2C4BAC9F230E3FF10048CC53 /* MyState.swift */,
				2C4BACA0230E3FF10048CC53 /* MyActions.swift */,
			);
			path = My;
			sourceTree = "<group>";
		};
		89C4A9083C718575C62A4B5F /* Frameworks */ = {
			isa = PBXGroup;
			children = (
				1F5958F0CED4A942444B70DA /* Pods_XMReSwiftRouter.framework */,
			);
			name = Frameworks;
			sourceTree = "<group>";
		};
		DED370A69693F3995A671F87 /* Pods */ = {
			isa = PBXGroup;
			children = (
				5479F7BC53FFA532DEFBAF77 /* Pods-XMReSwiftRouter.debug.xcconfig */,
				089D5FCA08A717B2BD637F02 /* Pods-XMReSwiftRouter.release.xcconfig */,
			);
			path = Pods;
			sourceTree = "<group>";
		};
/* End PBXGroup section */

/* Begin PBXNativeTarget section */
		2C4BAC49230E3F3F0048CC53 /* XMReSwiftRouter */ = {
			isa = PBXNativeTarget;
			buildConfigurationList = 2C4BAC72230E3F3F0048CC53 /* Build configuration list for PBXNativeTarget "XMReSwiftRouter" */;
			buildPhases = (
				90B62D74DACA6733FEDFE35A /* [CP] Check Pods Manifest.lock */,
				2C4BAC46230E3F3F0048CC53 /* Sources */,
				2C4BAC47230E3F3F0048CC53 /* Frameworks */,
				2C4BAC48230E3F3F0048CC53 /* Resources */,
				6E4B8EB2F6C68FC4ABEE1CF9 /* [CP] Embed Pods Frameworks */,
			);
			buildRules = (
			);
			dependencies = (
			);
			name = XMReSwiftRouter;
			productName = XMReSwiftRouter;
			productReference = 2C4BAC4A230E3F3F0048CC53 /* XMReSwiftRouter.app */;
			productType = "com.apple.product-type.application";
		};
		2C4BAC5D230E3F3F0048CC53 /* XMReSwiftRouterTests */ = {
			isa = PBXNativeTarget;
			buildConfigurationList = 2C4BAC75230E3F3F0048CC53 /* Build configuration list for PBXNativeTarget "XMReSwiftRouterTests" */;
			buildPhases = (
				2C4BAC5A230E3F3F0048CC53 /* Sources */,
				2C4BAC5B230E3F3F0048CC53 /* Frameworks */,
				2C4BAC5C230E3F3F0048CC53 /* Resources */,
			);
			buildRules = (
			);
			dependencies = (
				2C4BAC60230E3F3F0048CC53 /* PBXTargetDependency */,
			);
			name = XMReSwiftRouterTests;
			productName = XMReSwiftRouterTests;
			productReference = 2C4BAC5E230E3F3F0048CC53 /* XMReSwiftRouterTests.xctest */;
			productType = "com.apple.product-type.bundle.unit-test";
		};
		2C4BAC68230E3F3F0048CC53 /* XMReSwiftRouterUITests */ = {
			isa = PBXNativeTarget;
			buildConfigurationList = 2C4BAC78230E3F3F0048CC53 /* Build configuration list for PBXNativeTarget "XMReSwiftRouterUITests" */;
			buildPhases = (
				2C4BAC65230E3F3F0048CC53 /* Sources */,
				2C4BAC66230E3F3F0048CC53 /* Frameworks */,
				2C4BAC67230E3F3F0048CC53 /* Resources */,
			);
			buildRules = (
			);
			dependencies = (
				2C4BAC6B230E3F3F0048CC53 /* PBXTargetDependency */,
			);
			name = XMReSwiftRouterUITests;
			productName = XMReSwiftRouterUITests;
			productReference = 2C4BAC69230E3F3F0048CC53 /* XMReSwiftRouterUITests.xctest */;
			productType = "com.apple.product-type.bundle.ui-testing";
		};
/* End PBXNativeTarget section */

/* Begin PBXProject section */
		2C4BAC42230E3F3F0048CC53 /* Project object */ = {
			isa = PBXProject;
			attributes = {
				LastSwiftUpdateCheck = 1010;
				LastUpgradeCheck = 1010;
				ORGANIZATIONNAME = mifit;
				TargetAttributes = {
					2C4BAC49230E3F3F0048CC53 = {
						CreatedOnToolsVersion = 10.1;
					};
					2C4BAC5D230E3F3F0048CC53 = {
						CreatedOnToolsVersion = 10.1;
						TestTargetID = 2C4BAC49230E3F3F0048CC53;
					};
					2C4BAC68230E3F3F0048CC53 = {
						CreatedOnToolsVersion = 10.1;
						TestTargetID = 2C4BAC49230E3F3F0048CC53;
					};
				};
			};
			buildConfigurationList = 2C4BAC45230E3F3F0048CC53 /* Build configuration list for PBXProject "XMReSwiftRouter" */;
			compatibilityVersion = "Xcode 9.3";
			developmentRegion = en;
			hasScannedForEncodings = 0;
			knownRegions = (
				en,
				Base,
			);
			mainGroup = 2C4BAC41230E3F3F0048CC53;
			productRefGroup = 2C4BAC4B230E3F3F0048CC53 /* Products */;
			projectDirPath = "";
			projectRoot = "";
			targets = (
				2C4BAC49230E3F3F0048CC53 /* XMReSwiftRouter */,
				2C4BAC5D230E3F3F0048CC53 /* XMReSwiftRouterTests */,
				2C4BAC68230E3F3F0048CC53 /* XMReSwiftRouterUITests */,
			);
		};
/* End PBXProject section */

/* Begin PBXResourcesBuildPhase section */
		2C4BAC48230E3F3F0048CC53 /* Resources */ = {
			isa = PBXResourcesBuildPhase;
			buildActionMask = 2147483647;
			files = (
				2C4BAC58230E3F3F0048CC53 /* LaunchScreen.storyboard in Resources */,
				2C4BAC55230E3F3F0048CC53 /* Assets.xcassets in Resources */,
				2C4BAC53230E3F3F0048CC53 /* Main.storyboard in Resources */,
			);
			runOnlyForDeploymentPostprocessing = 0;
		};
		2C4BAC5C230E3F3F0048CC53 /* Resources */ = {
			isa = PBXResourcesBuildPhase;
			buildActionMask = 2147483647;
			files = (
			);
			runOnlyForDeploymentPostprocessing = 0;
		};
		2C4BAC67230E3F3F0048CC53 /* Resources */ = {
			isa = PBXResourcesBuildPhase;
			buildActionMask = 2147483647;
			files = (
			);
			runOnlyForDeploymentPostprocessing = 0;
		};
/* End PBXResourcesBuildPhase section */

/* Begin PBXShellScriptBuildPhase section */
		6E4B8EB2F6C68FC4ABEE1CF9 /* [CP] Embed Pods Frameworks */ = {
			isa = PBXShellScriptBuildPhase;
			buildActionMask = 2147483647;
			files = (
			);
			inputFileListPaths = (
				"${PODS_ROOT}/Target Support Files/Pods-XMReSwiftRouter/Pods-XMReSwiftRouter-frameworks-${CONFIGURATION}-input-files.xcfilelist",
			);
			name = "[CP] Embed Pods Frameworks";
			outputFileListPaths = (
				"${PODS_ROOT}/Target Support Files/Pods-XMReSwiftRouter/Pods-XMReSwiftRouter-frameworks-${CONFIGURATION}-output-files.xcfilelist",
			);
			runOnlyForDeploymentPostprocessing = 0;
			shellPath = /bin/sh;
			shellScript = "\"${PODS_ROOT}/Target Support Files/Pods-XMReSwiftRouter/Pods-XMReSwiftRouter-frameworks.sh\"\n";
			showEnvVarsInLog = 0;
		};
		90B62D74DACA6733FEDFE35A /* [CP] Check Pods Manifest.lock */ = {
			isa = PBXShellScriptBuildPhase;
			buildActionMask = 2147483647;
			files = (
			);
			inputFileListPaths = (
			);
			inputPaths = (
				"${PODS_PODFILE_DIR_PATH}/Podfile.lock",
				"${PODS_ROOT}/Manifest.lock",
			);
			name = "[CP] Check Pods Manifest.lock";
			outputFileListPaths = (
			);
			outputPaths = (
				"$(DERIVED_FILE_DIR)/Pods-XMReSwiftRouter-checkManifestLockResult.txt",
			);
			runOnlyForDeploymentPostprocessing = 0;
			shellPath = /bin/sh;
			shellScript = "diff \"${PODS_PODFILE_DIR_PATH}/Podfile.lock\" \"${PODS_ROOT}/Manifest.lock\" > /dev/null\nif [ $? != 0 ] ; then\n    # print error to STDERR\n    echo \"error: The sandbox is not in sync with the Podfile.lock. Run 'pod install' or update your CocoaPods installation.\" >&2\n    exit 1\nfi\n# This output is used by Xcode 'outputs' to avoid re-running this script phase.\necho \"SUCCESS\" > \"${SCRIPT_OUTPUT_FILE_0}\"\n";
			showEnvVarsInLog = 0;
		};
/* End PBXShellScriptBuildPhase section */

/* Begin PBXSourcesBuildPhase section */
		2C4BAC46230E3F3F0048CC53 /* Sources */ = {
			isa = PBXSourcesBuildPhase;
			buildActionMask = 2147483647;
			files = (
				2C4BAC82230E3FAA0048CC53 /* AppReducer.swift in Sources */,
				2C4BACA1230E3FF10048CC53 /* MessageVC.swift in Sources */,
				2C4BAC7F230E3FAA0048CC53 /* AppState.swift in Sources */,
				2C4BACA5230E3FF10048CC53 /* MessageState.swift in Sources */,
				2C4BACAA230E3FF10048CC53 /* HomeState.swift in Sources */,
				2C4BAC88230E3FDF0048CC53 /* TableViewDataSource.swift in Sources */,
				2C4BACAF230E3FF10048CC53 /* MyStore.swift in Sources */,
				2C4BACAD230E3FF10048CC53 /* MyReducer.swift in Sources */,
				2C4BACAC230E3FF10048CC53 /* HomeReducer.swift in Sources */,
				2C4BACA7230E3FF10048CC53 /* MessageStore.swift in Sources */,
				2C4BACA4230E3FF10048CC53 /* MessageCell.swift in Sources */,
				2C4BAC50230E3F3F0048CC53 /* ViewController.swift in Sources */,
				2C4BACAE230E3FF10048CC53 /* MyVC.swift in Sources */,
				2C4BAC4E230E3F3F0048CC53 /* AppDelegate.swift in Sources */,
				2C4BACA6230E3FF10048CC53 /* MessageAction.swift in Sources */,
				2C4BACB1230E3FF10048CC53 /* MyActions.swift in Sources */,
				2C4BACB3230E404C0048CC53 /* HomeStore.swift in Sources */,
				2C4BAC81230E3FAA0048CC53 /* AppRouter.swift in Sources */,
				2C4BACA3230E3FF10048CC53 /* MessageModel.swift in Sources */,
				2C4BAC80230E3FAA0048CC53 /* AppRoutable.swift in Sources */,
				2C4BACA8230E3FF10048CC53 /* MessageReducer.swift in Sources */,
				2C4BACB5230E40580048CC53 /* HomeAction.swift in Sources */,
				2C4BACAB230E3FF10048CC53 /* HomeVC.swift in Sources */,
				2C4BAC87230E3FDF0048CC53 /* CollectionViewDataSource.swift in Sources */,
				2C4BACB0230E3FF10048CC53 /* MyState.swift in Sources */,
			);
			runOnlyForDeploymentPostprocessing = 0;
		};
		2C4BAC5A230E3F3F0048CC53 /* Sources */ = {
			isa = PBXSourcesBuildPhase;
			buildActionMask = 2147483647;
			files = (
				2C4BAC63230E3F3F0048CC53 /* XMReSwiftRouterTests.swift in Sources */,
			);
			runOnlyForDeploymentPostprocessing = 0;
		};
		2C4BAC65230E3F3F0048CC53 /* Sources */ = {
			isa = PBXSourcesBuildPhase;
			buildActionMask = 2147483647;
			files = (
				2C4BAC6E230E3F3F0048CC53 /* XMReSwiftRouterUITests.swift in Sources */,
			);
			runOnlyForDeploymentPostprocessing = 0;
		};
/* End PBXSourcesBuildPhase section */

/* Begin PBXTargetDependency section */
		2C4BAC60230E3F3F0048CC53 /* PBXTargetDependency */ = {
			isa = PBXTargetDependency;
			target = 2C4BAC49230E3F3F0048CC53 /* XMReSwiftRouter */;
			targetProxy = 2C4BAC5F230E3F3F0048CC53 /* PBXContainerItemProxy */;
		};
		2C4BAC6B230E3F3F0048CC53 /* PBXTargetDependency */ = {
			isa = PBXTargetDependency;
			target = 2C4BAC49230E3F3F0048CC53 /* XMReSwiftRouter */;
			targetProxy = 2C4BAC6A230E3F3F0048CC53 /* PBXContainerItemProxy */;
		};
/* End PBXTargetDependency section */

/* Begin PBXVariantGroup section */
		2C4BAC51230E3F3F0048CC53 /* Main.storyboard */ = {
			isa = PBXVariantGroup;
			children = (
				2C4BAC52230E3F3F0048CC53 /* Base */,
			);
			name = Main.storyboard;
			sourceTree = "<group>";
		};
		2C4BAC56230E3F3F0048CC53 /* LaunchScreen.storyboard */ = {
			isa = PBXVariantGroup;
			children = (
				2C4BAC57230E3F3F0048CC53 /* Base */,
			);
			name = LaunchScreen.storyboard;
			sourceTree = "<group>";
		};
/* End PBXVariantGroup section */

/* Begin XCBuildConfiguration section */
		2C4BAC70230E3F3F0048CC53 /* Debug */ = {
			isa = XCBuildConfiguration;
			buildSettings = {
				ALWAYS_SEARCH_USER_PATHS = NO;
				CLANG_ANALYZER_NONNULL = YES;
				CLANG_ANALYZER_NUMBER_OBJECT_CONVERSION = YES_AGGRESSIVE;
				CLANG_CXX_LANGUAGE_STANDARD = "gnu++14";
				CLANG_CXX_LIBRARY = "libc++";
				CLANG_ENABLE_MODULES = YES;
				CLANG_ENABLE_OBJC_ARC = YES;
				CLANG_ENABLE_OBJC_WEAK = YES;
				CLANG_WARN_BLOCK_CAPTURE_AUTORELEASING = YES;
				CLANG_WARN_BOOL_CONVERSION = YES;
				CLANG_WARN_COMMA = YES;
				CLANG_WARN_CONSTANT_CONVERSION = YES;
				CLANG_WARN_DEPRECATED_OBJC_IMPLEMENTATIONS = YES;
				CLANG_WARN_DIRECT_OBJC_ISA_USAGE = YES_ERROR;
				CLANG_WARN_DOCUMENTATION_COMMENTS = YES;
				CLANG_WARN_EMPTY_BODY = YES;
				CLANG_WARN_ENUM_CONVERSION = YES;
				CLANG_WARN_INFINITE_RECURSION = YES;
				CLANG_WARN_INT_CONVERSION = YES;
				CLANG_WARN_NON_LITERAL_NULL_CONVERSION = YES;
				CLANG_WARN_OBJC_IMPLICIT_RETAIN_SELF = YES;
				CLANG_WARN_OBJC_LITERAL_CONVERSION = YES;
				CLANG_WARN_OBJC_ROOT_CLASS = YES_ERROR;
				CLANG_WARN_RANGE_LOOP_ANALYSIS = YES;
				CLANG_WARN_STRICT_PROTOTYPES = YES;
				CLANG_WARN_SUSPICIOUS_MOVE = YES;
				CLANG_WARN_UNGUARDED_AVAILABILITY = YES_AGGRESSIVE;
				CLANG_WARN_UNREACHABLE_CODE = YES;
				CLANG_WARN__DUPLICATE_METHOD_MATCH = YES;
				CODE_SIGN_IDENTITY = "iPhone Developer";
				COPY_PHASE_STRIP = NO;
				DEBUG_INFORMATION_FORMAT = dwarf;
				ENABLE_STRICT_OBJC_MSGSEND = YES;
				ENABLE_TESTABILITY = YES;
				GCC_C_LANGUAGE_STANDARD = gnu11;
				GCC_DYNAMIC_NO_PIC = NO;
				GCC_NO_COMMON_BLOCKS = YES;
				GCC_OPTIMIZATION_LEVEL = 0;
				GCC_PREPROCESSOR_DEFINITIONS = (
					"DEBUG=1",
					"$(inherited)",
				);
				GCC_WARN_64_TO_32_BIT_CONVERSION = YES;
				GCC_WARN_ABOUT_RETURN_TYPE = YES_ERROR;
				GCC_WARN_UNDECLARED_SELECTOR = YES;
				GCC_WARN_UNINITIALIZED_AUTOS = YES_AGGRESSIVE;
				GCC_WARN_UNUSED_FUNCTION = YES;
				GCC_WARN_UNUSED_VARIABLE = YES;
				IPHONEOS_DEPLOYMENT_TARGET = 12.1;
				MTL_ENABLE_DEBUG_INFO = INCLUDE_SOURCE;
				MTL_FAST_MATH = YES;
				ONLY_ACTIVE_ARCH = YES;
				SDKROOT = iphoneos;
				SWIFT_ACTIVE_COMPILATION_CONDITIONS = DEBUG;
				SWIFT_OPTIMIZATION_LEVEL = "-Onone";
			};
			name = Debug;
		};
		2C4BAC71230E3F3F0048CC53 /* Release */ = {
			isa = XCBuildConfiguration;
			buildSettings = {
				ALWAYS_SEARCH_USER_PATHS = NO;
				CLANG_ANALYZER_NONNULL = YES;
				CLANG_ANALYZER_NUMBER_OBJECT_CONVERSION = YES_AGGRESSIVE;
				CLANG_CXX_LANGUAGE_STANDARD = "gnu++14";
				CLANG_CXX_LIBRARY = "libc++";
				CLANG_ENABLE_MODULES = YES;
				CLANG_ENABLE_OBJC_ARC = YES;
				CLANG_ENABLE_OBJC_WEAK = YES;
				CLANG_WARN_BLOCK_CAPTURE_AUTORELEASING = YES;
				CLANG_WARN_BOOL_CONVERSION = YES;
				CLANG_WARN_COMMA = YES;
				CLANG_WARN_CONSTANT_CONVERSION = YES;
				CLANG_WARN_DEPRECATED_OBJC_IMPLEMENTATIONS = YES;
				CLANG_WARN_DIRECT_OBJC_ISA_USAGE = YES_ERROR;
				CLANG_WARN_DOCUMENTATION_COMMENTS = YES;
				CLANG_WARN_EMPTY_BODY = YES;
				CLANG_WARN_ENUM_CONVERSION = YES;
				CLANG_WARN_INFINITE_RECURSION = YES;
				CLANG_WARN_INT_CONVERSION = YES;
				CLANG_WARN_NON_LITERAL_NULL_CONVERSION = YES;
				CLANG_WARN_OBJC_IMPLICIT_RETAIN_SELF = YES;
				CLANG_WARN_OBJC_LITERAL_CONVERSION = YES;
				CLANG_WARN_OBJC_ROOT_CLASS = YES_ERROR;
				CLANG_WARN_RANGE_LOOP_ANALYSIS = YES;
				CLANG_WARN_STRICT_PROTOTYPES = YES;
				CLANG_WARN_SUSPICIOUS_MOVE = YES;
				CLANG_WARN_UNGUARDED_AVAILABILITY = YES_AGGRESSIVE;
				CLANG_WARN_UNREACHABLE_CODE = YES;
				CLANG_WARN__DUPLICATE_METHOD_MATCH = YES;
				CODE_SIGN_IDENTITY = "iPhone Developer";
				COPY_PHASE_STRIP = NO;
				DEBUG_INFORMATION_FORMAT = "dwarf-with-dsym";
				ENABLE_NS_ASSERTIONS = NO;
				ENABLE_STRICT_OBJC_MSGSEND = YES;
				GCC_C_LANGUAGE_STANDARD = gnu11;
				GCC_NO_COMMON_BLOCKS = YES;
				GCC_WARN_64_TO_32_BIT_CONVERSION = YES;
				GCC_WARN_ABOUT_RETURN_TYPE = YES_ERROR;
				GCC_WARN_UNDECLARED_SELECTOR = YES;
				GCC_WARN_UNINITIALIZED_AUTOS = YES_AGGRESSIVE;
				GCC_WARN_UNUSED_FUNCTION = YES;
				GCC_WARN_UNUSED_VARIABLE = YES;
				IPHONEOS_DEPLOYMENT_TARGET = 12.1;
				MTL_ENABLE_DEBUG_INFO = NO;
				MTL_FAST_MATH = YES;
				SDKROOT = iphoneos;
				SWIFT_COMPILATION_MODE = wholemodule;
				SWIFT_OPTIMIZATION_LEVEL = "-O";
				VALIDATE_PRODUCT = YES;
			};
			name = Release;
		};
		2C4BAC73230E3F3F0048CC53 /* Debug */ = {
			isa = XCBuildConfiguration;
			baseConfigurationReference = 5479F7BC53FFA532DEFBAF77 /* Pods-XMReSwiftRouter.debug.xcconfig */;
			buildSettings = {
				ASSETCATALOG_COMPILER_APPICON_NAME = AppIcon;
				CODE_SIGN_STYLE = Automatic;
				INFOPLIST_FILE = XMReSwiftRouter/Info.plist;
				IPHONEOS_DEPLOYMENT_TARGET = 9.0;
				LD_RUNPATH_SEARCH_PATHS = (
					"$(inherited)",
					"@executable_path/Frameworks",
				);
				PRODUCT_BUNDLE_IDENTIFIER = com.mifit.XMReSwiftRouter;
				PRODUCT_NAME = "$(TARGET_NAME)";
				SWIFT_VERSION = 4.2;
				TARGETED_DEVICE_FAMILY = "1,2";
			};
			name = Debug;
		};
		2C4BAC74230E3F3F0048CC53 /* Release */ = {
			isa = XCBuildConfiguration;
			baseConfigurationReference = 089D5FCA08A717B2BD637F02 /* Pods-XMReSwiftRouter.release.xcconfig */;
			buildSettings = {
				ASSETCATALOG_COMPILER_APPICON_NAME = AppIcon;
				CODE_SIGN_STYLE = Automatic;
				INFOPLIST_FILE = XMReSwiftRouter/Info.plist;
				IPHONEOS_DEPLOYMENT_TARGET = 9.0;
				LD_RUNPATH_SEARCH_PATHS = (
					"$(inherited)",
					"@executable_path/Frameworks",
				);
				PRODUCT_BUNDLE_IDENTIFIER = com.mifit.XMReSwiftRouter;
				PRODUCT_NAME = "$(TARGET_NAME)";
				SWIFT_VERSION = 4.2;
				TARGETED_DEVICE_FAMILY = "1,2";
			};
			name = Release;
		};
		2C4BAC76230E3F3F0048CC53 /* Debug */ = {
			isa = XCBuildConfiguration;
			buildSettings = {
				ALWAYS_EMBED_SWIFT_STANDARD_LIBRARIES = YES;
				BUNDLE_LOADER = "$(TEST_HOST)";
				CODE_SIGN_STYLE = Automatic;
				INFOPLIST_FILE = XMReSwiftRouterTests/Info.plist;
				LD_RUNPATH_SEARCH_PATHS = (
					"$(inherited)",
					"@executable_path/Frameworks",
					"@loader_path/Frameworks",
				);
				PRODUCT_BUNDLE_IDENTIFIER = com.mifit.XMReSwiftRouterTests;
				PRODUCT_NAME = "$(TARGET_NAME)";
				SWIFT_VERSION = 4.2;
				TARGETED_DEVICE_FAMILY = "1,2";
				TEST_HOST = "$(BUILT_PRODUCTS_DIR)/XMReSwiftRouter.app/XMReSwiftRouter";
			};
			name = Debug;
		};
		2C4BAC77230E3F3F0048CC53 /* Release */ = {
			isa = XCBuildConfiguration;
			buildSettings = {
				ALWAYS_EMBED_SWIFT_STANDARD_LIBRARIES = YES;
				BUNDLE_LOADER = "$(TEST_HOST)";
				CODE_SIGN_STYLE = Automatic;
				INFOPLIST_FILE = XMReSwiftRouterTests/Info.plist;
				LD_RUNPATH_SEARCH_PATHS = (
					"$(inherited)",
					"@executable_path/Frameworks",
					"@loader_path/Frameworks",
				);
				PRODUCT_BUNDLE_IDENTIFIER = com.mifit.XMReSwiftRouterTests;
				PRODUCT_NAME = "$(TARGET_NAME)";
				SWIFT_VERSION = 4.2;
				TARGETED_DEVICE_FAMILY = "1,2";
				TEST_HOST = "$(BUILT_PRODUCTS_DIR)/XMReSwiftRouter.app/XMReSwiftRouter";
			};
			name = Release;
		};
		2C4BAC79230E3F3F0048CC53 /* Debug */ = {
			isa = XCBuildConfiguration;
			buildSettings = {
				ALWAYS_EMBED_SWIFT_STANDARD_LIBRARIES = YES;
				CODE_SIGN_STYLE = Automatic;
				INFOPLIST_FILE = XMReSwiftRouterUITests/Info.plist;
				LD_RUNPATH_SEARCH_PATHS = (
					"$(inherited)",
					"@executable_path/Frameworks",
					"@loader_path/Frameworks",
				);
				PRODUCT_BUNDLE_IDENTIFIER = com.mifit.XMReSwiftRouterUITests;
				PRODUCT_NAME = "$(TARGET_NAME)";
				SWIFT_VERSION = 4.2;
				TARGETED_DEVICE_FAMILY = "1,2";
				TEST_TARGET_NAME = XMReSwiftRouter;
			};
			name = Debug;
		};
		2C4BAC7A230E3F3F0048CC53 /* Release */ = {
			isa = XCBuildConfiguration;
			buildSettings = {
				ALWAYS_EMBED_SWIFT_STANDARD_LIBRARIES = YES;
				CODE_SIGN_STYLE = Automatic;
				INFOPLIST_FILE = XMReSwiftRouterUITests/Info.plist;
				LD_RUNPATH_SEARCH_PATHS = (
					"$(inherited)",
					"@executable_path/Frameworks",
					"@loader_path/Frameworks",
				);
				PRODUCT_BUNDLE_IDENTIFIER = com.mifit.XMReSwiftRouterUITests;
				PRODUCT_NAME = "$(TARGET_NAME)";
				SWIFT_VERSION = 4.2;
				TARGETED_DEVICE_FAMILY = "1,2";
				TEST_TARGET_NAME = XMReSwiftRouter;
			};
			name = Release;
		};
/* End XCBuildConfiguration section */

/* Begin XCConfigurationList section */
		2C4BAC45230E3F3F0048CC53 /* Build configuration list for PBXProject "XMReSwiftRouter" */ = {
			isa = XCConfigurationList;
			buildConfigurations = (
				2C4BAC70230E3F3F0048CC53 /* Debug */,
				2C4BAC71230E3F3F0048CC53 /* Release */,
			);
			defaultConfigurationIsVisible = 0;
			defaultConfigurationName = Release;
		};
		2C4BAC72230E3F3F0048CC53 /* Build configuration list for PBXNativeTarget "XMReSwiftRouter" */ = {
			isa = XCConfigurationList;
			buildConfigurations = (
				2C4BAC73230E3F3F0048CC53 /* Debug */,
				2C4BAC74230E3F3F0048CC53 /* Release */,
			);
			defaultConfigurationIsVisible = 0;
			defaultConfigurationName = Release;
		};
		2C4BAC75230E3F3F0048CC53 /* Build configuration list for PBXNativeTarget "XMReSwiftRouterTests" */ = {
			isa = XCConfigurationList;
			buildConfigurations = (
				2C4BAC76230E3F3F0048CC53 /* Debug */,
				2C4BAC77230E3F3F0048CC53 /* Release */,
			);
			defaultConfigurationIsVisible = 0;
			defaultConfigurationName = Release;
		};
		2C4BAC78230E3F3F0048CC53 /* Build configuration list for PBXNativeTarget "XMReSwiftRouterUITests" */ = {
			isa = XCConfigurationList;
			buildConfigurations = (
				2C4BAC79230E3F3F0048CC53 /* Debug */,
				2C4BAC7A230E3F3F0048CC53 /* Release */,
			);
			defaultConfigurationIsVisible = 0;
			defaultConfigurationName = Release;
		};
/* End XCConfigurationList section */
	};
	rootObject = 2C4BAC42230E3F3F0048CC53 /* Project object */;
}
